
Microsoft Visual Studio Solution File, Format Version 12.00
# Visual Studio Version 17
VisualStudioVersion = 17.7.34202.233
MinimumVisualStudioVersion = 10.0.40219.1
Project("{2150E333-8FDC-42A3-9474-1A3956D46DE8}") = "src", "src", "{9B5EE4A9-4911-45AA-8332-6B5D55AF0CB5}"
EndProject
Project("{FAE04EC0-301F-11D3-BF4B-00C04F79EFBC}") = "YDTest.Common", "YDTest.Common\YDTest.Common.csproj", "{839FB5AB-4583-419F-ACF3-CDD8179FF0B8}"
EndProject
Project("{FAE04EC0-301F-11D3-BF4B-00C04F79EFBC}") = "YDTest.Api", "src\YDTest.Api\YDTest.Api.csproj", "{8F44B901-16E8-4AD7-8AC1-1B18079F2E12}"
EndProject
Global
	GlobalSection(SolutionConfigurationPlatforms) = preSolution
		Debug|Any CPU = Debug|Any CPU
		Release|Any CPU = Release|Any CPU
	EndGlobalSection
	GlobalSection(ProjectConfigurationPlatforms) = postSolution
		{839FB5AB-4583-419F-ACF3-CDD8179FF0B8}.Debug|Any CPU.ActiveCfg = Debug|Any CPU
		{839FB5AB-4583-419F-ACF3-CDD8179FF0B8}.Debug|Any CPU.Build.0 = Debug|Any CPU
		{839FB5AB-4583-419F-ACF3-CDD8179FF0B8}.Release|Any CPU.ActiveCfg = Release|Any CPU
		{839FB5AB-4583-419F-ACF3-CDD8179FF0B8}.Release|Any CPU.Build.0 = Release|Any CPU
		{8F44B901-16E8-4AD7-8AC1-1B18079F2E12}.Debug|Any CPU.ActiveCfg = Debug|Any CPU
		{8F44B901-16E8-4AD7-8AC1-1B18079F2E12}.Debug|Any CPU.Build.0 = Debug|Any CPU
		{8F44B901-16E8-4AD7-8AC1-1B18079F2E12}.Release|Any CPU.ActiveCfg = Release|Any CPU
		{8F44B901-16E8-4AD7-8AC1-1B18079F2E12}.Release|Any CPU.Build.0 = Release|Any CPU
	EndGlobalSection
	GlobalSection(SolutionProperties) = preSolution
		HideSolutionNode = FALSE
	EndGlobalSection
	GlobalSection(NestedProjects) = preSolution
		{839FB5AB-4583-419F-ACF3-CDD8179FF0B8} = {9B5EE4A9-4911-45AA-8332-6B5D55AF0CB5}
		{8F44B901-16E8-4AD7-8AC1-1B18079F2E12} = {9B5EE4A9-4911-45AA-8332-6B5D55AF0CB5}
	EndGlobalSection
	GlobalSection(ExtensibilityGlobals) = postSolution
		SolutionGuid = {6687B0C1-AE6D-4D45-8496-089CBB81F7FC}
	EndGlobalSection
EndGlobal
